
Microsoft Visual Studio Solution File, Format Version 12.00
# Visual Studio Version 16
VisualStudioVersion = 16.0.31727.386
MinimumVisualStudioVersion = 10.0.40219.1
Project("{FAE04EC0-301F-11D3-BF4B-00C04F79EFBC}") = "snt-task", "snt-task\snt-task.csproj", "{F4FA788C-764C-4981-90BC-953EE014EBB2}"
EndProject
Global
	GlobalSection(SolutionConfigurationPlatforms) = preSolution
		Debug|Any CPU = Debug|Any CPU
		Release|Any CPU = Release|Any CPU
	EndGlobalSection
	GlobalSection(ProjectConfigurationPlatforms) = postSolution
		{F4FA788C-764C-4981-90BC-953EE014EBB2}.Debug|Any CPU.ActiveCfg = Debug|Any CPU
		{F4FA788C-764C-4981-90BC-953EE014EBB2}.Debug|Any CPU.Build.0 = Debug|Any CPU
		{F4FA788C-764C-4981-90BC-953EE014EBB2}.Release|Any CPU.ActiveCfg = Release|Any CPU
		{F4FA788C-764C-4981-90BC-953EE014EBB2}.Release|Any CPU.Build.0 = Release|Any CPU
	EndGlobalSection
	GlobalSection(SolutionProperties) = preSolution
		HideSolutionNode = FALSE
	EndGlobalSection
	GlobalSection(ExtensibilityGlobals) = postSolution
		SolutionGuid = {5A05D7BF-3C24-4394-9EA1-541ABC24131B}
	EndGlobalSection
EndGlobal
